
Microsoft Visual Studio Solution File, Format Version 12.00
# Visual Studio 15
VisualStudioVersion = 15.0.27130.0
MinimumVisualStudioVersion = 10.0.40219.1
Project("{8BC9CEB8-8B4A-11D0-8D11-00A0C91BC942}") = "Aufgabe_1a", "ADS_Praktikum\ADS_Praktikum.vcxproj", "{43A9DA9B-A679-41C2-A303-8BEAF18BD9A2}"
EndProject
Project("{2150E333-8FDC-42A3-9474-1A3956D46DE8}") = "Praktikum_1", "Praktikum_1", "{CB61A464-E5CD-41F9-B5D9-70513F9A977C}"
EndProject
Project("{8BC9CEB8-8B4A-11D0-8D11-00A0C91BC942}") = "Aufgabe_1b", "Aufgabe_1b\Aufgabe_1b.vcxproj", "{27A2749D-BCC2-4A39-965D-C242E291D828}"
EndProject
Project("{8BC9CEB8-8B4A-11D0-8D11-00A0C91BC942}") = "HelloWorld", "HelloWorld\HelloWorld.vcxproj", "{A9BEC6C3-8714-4B91-82BE-F930078F2E8D}"
EndProject
Project("{8BC9CEB8-8B4A-11D0-8D11-00A0C91BC942}") = "Aufgabe_1c", "Aufgabe_1c\Aufgabe_1c.vcxproj", "{79D05081-91E6-4F35-9C5D-F9BFC56CFA61}"
EndProject
Project("{2150E333-8FDC-42A3-9474-1A3956D46DE8}") = "Praktikum_2", "Praktikum_2", "{6DEE4010-0564-4898-9B04-1276998EFC45}"
EndProject
Project("{8BC9CEB8-8B4A-11D0-8D11-00A0C91BC942}") = "Aufgabe_2_teil1", "Aufgabe_2_teil1\Aufgabe_2_teil1.vcxproj", "{63D39F99-4815-4AEA-B2AD-5D348A72AD52}"
EndProject
Project("{8BC9CEB8-8B4A-11D0-8D11-00A0C91BC942}") = "Aufgabe_2_teil2", "Aufgabe_2_teil2\Aufgabe_2_teil2.vcxproj", "{5244564A-199D-42BE-9F44-04A6D1632EF9}"
EndProject
Project("{2150E333-8FDC-42A3-9474-1A3956D46DE8}") = "Praktikum_3", "Praktikum_3", "{A600CE12-FCC4-4DEF-B986-6D9A12BFA953}"
EndProject
Project("{8BC9CEB8-8B4A-11D0-8D11-00A0C91BC942}") = "Aufgabe_3_1", "Aufgabe_3_1\Aufgabe_3_1.vcxproj", "{7F011C5A-D0C2-453A-B2B0-B7A24DE99518}"
EndProject
Global
	GlobalSection(SolutionConfigurationPlatforms) = preSolution
		Debug|x64 = Debug|x64
		Debug|x86 = Debug|x86
		Release|x64 = Release|x64
		Release|x86 = Release|x86
	EndGlobalSection
	GlobalSection(ProjectConfigurationPlatforms) = postSolution
		{43A9DA9B-A679-41C2-A303-8BEAF18BD9A2}.Debug|x64.ActiveCfg = Debug|x64
		{43A9DA9B-A679-41C2-A303-8BEAF18BD9A2}.Debug|x64.Build.0 = Debug|x64
		{43A9DA9B-A679-41C2-A303-8BEAF18BD9A2}.Debug|x86.ActiveCfg = Debug|Win32
		{43A9DA9B-A679-41C2-A303-8BEAF18BD9A2}.Debug|x86.Build.0 = Debug|Win32
		{43A9DA9B-A679-41C2-A303-8BEAF18BD9A2}.Release|x64.ActiveCfg = Release|x64
		{43A9DA9B-A679-41C2-A303-8BEAF18BD9A2}.Release|x64.Build.0 = Release|x64
		{43A9DA9B-A679-41C2-A303-8BEAF18BD9A2}.Release|x86.ActiveCfg = Release|Win32
		{43A9DA9B-A679-41C2-A303-8BEAF18BD9A2}.Release|x86.Build.0 = Release|Win32
		{27A2749D-BCC2-4A39-965D-C242E291D828}.Debug|x64.ActiveCfg = Debug|x64
		{27A2749D-BCC2-4A39-965D-C242E291D828}.Debug|x64.Build.0 = Debug|x64
		{27A2749D-BCC2-4A39-965D-C242E291D828}.Debug|x86.ActiveCfg = Debug|Win32
		{27A2749D-BCC2-4A39-965D-C242E291D828}.Debug|x86.Build.0 = Debug|Win32
		{27A2749D-BCC2-4A39-965D-C242E291D828}.Release|x64.ActiveCfg = Release|x64
		{27A2749D-BCC2-4A39-965D-C242E291D828}.Release|x64.Build.0 = Release|x64
		{27A2749D-BCC2-4A39-965D-C242E291D828}.Release|x86.ActiveCfg = Release|Win32
		{27A2749D-BCC2-4A39-965D-C242E291D828}.Release|x86.Build.0 = Release|Win32
		{A9BEC6C3-8714-4B91-82BE-F930078F2E8D}.Debug|x64.ActiveCfg = Debug|x64
		{A9BEC6C3-8714-4B91-82BE-F930078F2E8D}.Debug|x64.Build.0 = Debug|x64
		{A9BEC6C3-8714-4B91-82BE-F930078F2E8D}.Debug|x86.ActiveCfg = Debug|Win32
		{A9BEC6C3-8714-4B91-82BE-F930078F2E8D}.Debug|x86.Build.0 = Debug|Win32
		{A9BEC6C3-8714-4B91-82BE-F930078F2E8D}.Release|x64.ActiveCfg = Release|x64
		{A9BEC6C3-8714-4B91-82BE-F930078F2E8D}.Release|x64.Build.0 = Release|x64
		{A9BEC6C3-8714-4B91-82BE-F930078F2E8D}.Release|x86.ActiveCfg = Release|Win32
		{A9BEC6C3-8714-4B91-82BE-F930078F2E8D}.Release|x86.Build.0 = Release|Win32
		{79D05081-91E6-4F35-9C5D-F9BFC56CFA61}.Debug|x64.ActiveCfg = Debug|x64
		{79D05081-91E6-4F35-9C5D-F9BFC56CFA61}.Debug|x64.Build.0 = Debug|x64
		{79D05081-91E6-4F35-9C5D-F9BFC56CFA61}.Debug|x86.ActiveCfg = Debug|Win32
		{79D05081-91E6-4F35-9C5D-F9BFC56CFA61}.Debug|x86.Build.0 = Debug|Win32
		{79D05081-91E6-4F35-9C5D-F9BFC56CFA61}.Release|x64.ActiveCfg = Release|x64
		{79D05081-91E6-4F35-9C5D-F9BFC56CFA61}.Release|x64.Build.0 = Release|x64
		{79D05081-91E6-4F35-9C5D-F9BFC56CFA61}.Release|x86.ActiveCfg = Release|Win32
		{79D05081-91E6-4F35-9C5D-F9BFC56CFA61}.Release|x86.Build.0 = Release|Win32
		{63D39F99-4815-4AEA-B2AD-5D348A72AD52}.Debug|x64.ActiveCfg = Debug|x64
		{63D39F99-4815-4AEA-B2AD-5D348A72AD52}.Debug|x64.Build.0 = Debug|x64
		{63D39F99-4815-4AEA-B2AD-5D348A72AD52}.Debug|x86.ActiveCfg = Debug|Win32
		{63D39F99-4815-4AEA-B2AD-5D348A72AD52}.Debug|x86.Build.0 = Debug|Win32
		{63D39F99-4815-4AEA-B2AD-5D348A72AD52}.Release|x64.ActiveCfg = Release|x64
		{63D39F99-4815-4AEA-B2AD-5D348A72AD52}.Release|x64.Build.0 = Release|x64
		{63D39F99-4815-4AEA-B2AD-5D348A72AD52}.Release|x86.ActiveCfg = Release|Win32
		{63D39F99-4815-4AEA-B2AD-5D348A72AD52}.Release|x86.Build.0 = Release|Win32
		{5244564A-199D-42BE-9F44-04A6D1632EF9}.Debug|x64.ActiveCfg = Debug|x64
		{5244564A-199D-42BE-9F44-04A6D1632EF9}.Debug|x64.Build.0 = Debug|x64
		{5244564A-199D-42BE-9F44-04A6D1632EF9}.Debug|x86.ActiveCfg = Debug|Win32
		{5244564A-199D-42BE-9F44-04A6D1632EF9}.Debug|x86.Build.0 = Debug|Win32
		{5244564A-199D-42BE-9F44-04A6D1632EF9}.Release|x64.ActiveCfg = Release|x64
		{5244564A-199D-42BE-9F44-04A6D1632EF9}.Release|x64.Build.0 = Release|x64
		{5244564A-199D-42BE-9F44-04A6D1632EF9}.Release|x86.ActiveCfg = Release|Win32
		{5244564A-199D-42BE-9F44-04A6D1632EF9}.Release|x86.Build.0 = Release|Win32
		{7F011C5A-D0C2-453A-B2B0-B7A24DE99518}.Debug|x64.ActiveCfg = Debug|x64
		{7F011C5A-D0C2-453A-B2B0-B7A24DE99518}.Debug|x64.Build.0 = Debug|x64
		{7F011C5A-D0C2-453A-B2B0-B7A24DE99518}.Debug|x86.ActiveCfg = Debug|Win32
		{7F011C5A-D0C2-453A-B2B0-B7A24DE99518}.Debug|x86.Build.0 = Debug|Win32
		{7F011C5A-D0C2-453A-B2B0-B7A24DE99518}.Release|x64.ActiveCfg = Release|x64
		{7F011C5A-D0C2-453A-B2B0-B7A24DE99518}.Release|x64.Build.0 = Release|x64
		{7F011C5A-D0C2-453A-B2B0-B7A24DE99518}.Release|x86.ActiveCfg = Release|x64
		{7F011C5A-D0C2-453A-B2B0-B7A24DE99518}.Release|x86.Build.0 = Release|x64
	EndGlobalSection
	GlobalSection(SolutionProperties) = preSolution
		HideSolutionNode = FALSE
	EndGlobalSection
	GlobalSection(NestedProjects) = preSolution
		{43A9DA9B-A679-41C2-A303-8BEAF18BD9A2} = {CB61A464-E5CD-41F9-B5D9-70513F9A977C}
		{27A2749D-BCC2-4A39-965D-C242E291D828} = {CB61A464-E5CD-41F9-B5D9-70513F9A977C}
		{79D05081-91E6-4F35-9C5D-F9BFC56CFA61} = {CB61A464-E5CD-41F9-B5D9-70513F9A977C}
		{63D39F99-4815-4AEA-B2AD-5D348A72AD52} = {6DEE4010-0564-4898-9B04-1276998EFC45}
		{5244564A-199D-42BE-9F44-04A6D1632EF9} = {6DEE4010-0564-4898-9B04-1276998EFC45}
		{7F011C5A-D0C2-453A-B2B0-B7A24DE99518} = {A600CE12-FCC4-4DEF-B986-6D9A12BFA953}
	EndGlobalSection
	GlobalSection(ExtensibilityGlobals) = postSolution
		SolutionGuid = {E31D2830-A607-44DB-A3C0-3713F43E862B}
	EndGlobalSection
EndGlobal
